
Microsoft Visual Studio Solution File, Format Version 12.00
# Visual Studio 15
VisualStudioVersion = 15.0.27703.2035
MinimumVisualStudioVersion = 10.0.40219.1
Project("{FAE04EC0-301F-11D3-BF4B-00C04F79EFBC}") = "Rover", "Rover\Rover.csproj", "{65E7FB5A-07EB-478D-8A88-046FF9AB3115}"
EndProject
Project("{FAE04EC0-301F-11D3-BF4B-00C04F79EFBC}") = "Rover.Test", "Rover.Test\Rover.Test.csproj", "{4602D38C-6EF1-47D6-BEE1-6F4E0229072B}"
EndProject
Project("{FAE04EC0-301F-11D3-BF4B-00C04F79EFBC}") = "Rover.Demo", "Rover.Demo\Rover.Demo.csproj", "{EDB4DC65-8F4A-41A4-B921-3CA0003084D8}"
EndProject
Global
	GlobalSection(SolutionConfigurationPlatforms) = preSolution
		Debug|Any CPU = Debug|Any CPU
		Release|Any CPU = Release|Any CPU
	EndGlobalSection
	GlobalSection(ProjectConfigurationPlatforms) = postSolution
		{65E7FB5A-07EB-478D-8A88-046FF9AB3115}.Debug|Any CPU.ActiveCfg = Debug|Any CPU
		{65E7FB5A-07EB-478D-8A88-046FF9AB3115}.Debug|Any CPU.Build.0 = Debug|Any CPU
		{65E7FB5A-07EB-478D-8A88-046FF9AB3115}.Release|Any CPU.ActiveCfg = Release|Any CPU
		{65E7FB5A-07EB-478D-8A88-046FF9AB3115}.Release|Any CPU.Build.0 = Release|Any CPU
		{4602D38C-6EF1-47D6-BEE1-6F4E0229072B}.Debug|Any CPU.ActiveCfg = Debug|Any CPU
		{4602D38C-6EF1-47D6-BEE1-6F4E0229072B}.Debug|Any CPU.Build.0 = Debug|Any CPU
		{4602D38C-6EF1-47D6-BEE1-6F4E0229072B}.Release|Any CPU.ActiveCfg = Release|Any CPU
		{4602D38C-6EF1-47D6-BEE1-6F4E0229072B}.Release|Any CPU.Build.0 = Release|Any CPU
		{EDB4DC65-8F4A-41A4-B921-3CA0003084D8}.Debug|Any CPU.ActiveCfg = Debug|Any CPU
		{EDB4DC65-8F4A-41A4-B921-3CA0003084D8}.Debug|Any CPU.Build.0 = Debug|Any CPU
		{EDB4DC65-8F4A-41A4-B921-3CA0003084D8}.Release|Any CPU.ActiveCfg = Release|Any CPU
		{EDB4DC65-8F4A-41A4-B921-3CA0003084D8}.Release|Any CPU.Build.0 = Release|Any CPU
	EndGlobalSection
	GlobalSection(SolutionProperties) = preSolution
		HideSolutionNode = FALSE
	EndGlobalSection
	GlobalSection(ExtensibilityGlobals) = postSolution
		SolutionGuid = {F7115247-CFA1-4131-B4AC-E5C58AE0DAF7}
	EndGlobalSection
EndGlobal
